
Microsoft Visual Studio Solution File, Format Version 12.00
# Visual Studio Version 17
VisualStudioVersion = 17.4.33213.308
MinimumVisualStudioVersion = 10.0.40219.1
Project("{9A19103F-16F7-4668-BE54-9A1E7A4F7556}") = "CoreCampProject", "CoreCampProject\CoreCampProject.csproj", "{9228CD27-9800-4B72-BDD6-0121C44FEE28}"
EndProject
Project("{9A19103F-16F7-4668-BE54-9A1E7A4F7556}") = "EntityLayer", "EntityLayer\EntityLayer.csproj", "{CEB4FFE6-592C-48AA-B369-D6F2F2A39E55}"
EndProject
Project("{9A19103F-16F7-4668-BE54-9A1E7A4F7556}") = "DataAccessLayer", "DataAccessLayer\DataAccessLayer.csproj", "{1A11C76A-82DB-402C-8938-A62CAA9A7BEE}"
EndProject
Project("{9A19103F-16F7-4668-BE54-9A1E7A4F7556}") = "BusinessLayer", "BusinessLayer\BusinessLayer.csproj", "{13216226-AC74-4A18-AC73-71D0C57F3D3A}"
EndProject
Project("{9A19103F-16F7-4668-BE54-9A1E7A4F7556}") = "CoreLayer", "CoreLayer\CoreLayer.csproj", "{A27DF4A9-9983-49DA-AD15-C746F19F9105}"
EndProject
Project("{FAE04EC0-301F-11D3-BF4B-00C04F79EFBC}") = "BlogApi", "BlogApi\BlogApi.csproj", "{8E6C41FB-1FB1-4AE8-BBCE-21C7A4B825F7}"
EndProject
Global
	GlobalSection(SolutionConfigurationPlatforms) = preSolution
		Debug|Any CPU = Debug|Any CPU
		Release|Any CPU = Release|Any CPU
	EndGlobalSection
	GlobalSection(ProjectConfigurationPlatforms) = postSolution
		{9228CD27-9800-4B72-BDD6-0121C44FEE28}.Debug|Any CPU.ActiveCfg = Debug|Any CPU
		{9228CD27-9800-4B72-BDD6-0121C44FEE28}.Debug|Any CPU.Build.0 = Debug|Any CPU
		{9228CD27-9800-4B72-BDD6-0121C44FEE28}.Release|Any CPU.ActiveCfg = Release|Any CPU
		{9228CD27-9800-4B72-BDD6-0121C44FEE28}.Release|Any CPU.Build.0 = Release|Any CPU
		{CEB4FFE6-592C-48AA-B369-D6F2F2A39E55}.Debug|Any CPU.ActiveCfg = Debug|Any CPU
		{CEB4FFE6-592C-48AA-B369-D6F2F2A39E55}.Debug|Any CPU.Build.0 = Debug|Any CPU
		{CEB4FFE6-592C-48AA-B369-D6F2F2A39E55}.Release|Any CPU.ActiveCfg = Release|Any CPU
		{CEB4FFE6-592C-48AA-B369-D6F2F2A39E55}.Release|Any CPU.Build.0 = Release|Any CPU
		{1A11C76A-82DB-402C-8938-A62CAA9A7BEE}.Debug|Any CPU.ActiveCfg = Debug|Any CPU
		{1A11C76A-82DB-402C-8938-A62CAA9A7BEE}.Debug|Any CPU.Build.0 = Debug|Any CPU
		{1A11C76A-82DB-402C-8938-A62CAA9A7BEE}.Release|Any CPU.ActiveCfg = Release|Any CPU
		{1A11C76A-82DB-402C-8938-A62CAA9A7BEE}.Release|Any CPU.Build.0 = Release|Any CPU
		{13216226-AC74-4A18-AC73-71D0C57F3D3A}.Debug|Any CPU.ActiveCfg = Debug|Any CPU
		{13216226-AC74-4A18-AC73-71D0C57F3D3A}.Debug|Any CPU.Build.0 = Debug|Any CPU
		{13216226-AC74-4A18-AC73-71D0C57F3D3A}.Release|Any CPU.ActiveCfg = Release|Any CPU
		{13216226-AC74-4A18-AC73-71D0C57F3D3A}.Release|Any CPU.Build.0 = Release|Any CPU
		{A27DF4A9-9983-49DA-AD15-C746F19F9105}.Debug|Any CPU.ActiveCfg = Debug|Any CPU
		{A27DF4A9-9983-49DA-AD15-C746F19F9105}.Debug|Any CPU.Build.0 = Debug|Any CPU
		{A27DF4A9-9983-49DA-AD15-C746F19F9105}.Release|Any CPU.ActiveCfg = Release|Any CPU
		{A27DF4A9-9983-49DA-AD15-C746F19F9105}.Release|Any CPU.Build.0 = Release|Any CPU
		{8E6C41FB-1FB1-4AE8-BBCE-21C7A4B825F7}.Debug|Any CPU.ActiveCfg = Debug|Any CPU
		{8E6C41FB-1FB1-4AE8-BBCE-21C7A4B825F7}.Debug|Any CPU.Build.0 = Debug|Any CPU
		{8E6C41FB-1FB1-4AE8-BBCE-21C7A4B825F7}.Release|Any CPU.ActiveCfg = Release|Any CPU
		{8E6C41FB-1FB1-4AE8-BBCE-21C7A4B825F7}.Release|Any CPU.Build.0 = Release|Any CPU
	EndGlobalSection
	GlobalSection(SolutionProperties) = preSolution
		HideSolutionNode = FALSE
	EndGlobalSection
	GlobalSection(ExtensibilityGlobals) = postSolution
		SolutionGuid = {D1031380-24E9-4842-9E03-DC266367C007}
	EndGlobalSection
EndGlobal
